// !$*UTF8*$!
{
	archiveVersion = 1;
	classes = {
	};
	objectVersion = 46;
	objects = {

/* Begin PBXBuildFile section */
		7CF916671BAA85EA008E076F /* AppDelegate.swift in Sources */ = {isa = PBXBuildFile; fileRef = 7CF916661BAA85EA008E076F /* AppDelegate.swift */; };
		7CF916691BAA85EA008E076F /* ViewController.swift in Sources */ = {isa = PBXBuildFile; fileRef = 7CF916681BAA85EA008E076F /* ViewController.swift */; };
		7CF9166C1BAA85EA008E076F /* Main.storyboard in Resources */ = {isa = PBXBuildFile; fileRef = 7CF9166A1BAA85EA008E076F /* Main.storyboard */; };
		7CF9166E1BAA85EA008E076F /* Assets.xcassets in Resources */ = {isa = PBXBuildFile; fileRef = 7CF9166D1BAA85EA008E076F /* Assets.xcassets */; };
		7CF916711BAA85EA008E076F /* LaunchScreen.storyboard in Resources */ = {isa = PBXBuildFile; fileRef = 7CF9166F1BAA85EA008E076F /* LaunchScreen.storyboard */; };
		7CF9167C1BAA85EA008E076F /* DropboxTests.swift in Sources */ = {isa = PBXBuildFile; fileRef = 7CF9167B1BAA85EA008E076F /* DropboxTests.swift */; };
		7CF916871BAA85EA008E076F /* DropboxUITests.swift in Sources */ = {isa = PBXBuildFile; fileRef = 7CF916861BAA85EA008E076F /* DropboxUITests.swift */; };
/* End PBXBuildFile section */

/* Begin PBXContainerItemProxy section */
		7CF916781BAA85EA008E076F /* PBXContainerItemProxy */ = {
			isa = PBXContainerItemProxy;
			containerPortal = 7CF9165B1BAA85EA008E076F /* Project object */;
			proxyType = 1;
			remoteGlobalIDString = 7CF916621BAA85EA008E076F;
			remoteInfo = Dropbox;
		};
		7CF916831BAA85EA008E076F /* PBXContainerItemProxy */ = {
			isa = PBXContainerItemProxy;
			containerPortal = 7CF9165B1BAA85EA008E076F /* Project object */;
			proxyType = 1;
			remoteGlobalIDString = 7CF916621BAA85EA008E076F;
			remoteInfo = Dropbox;
		};
/* End PBXContainerItemProxy section */

/* Begin PBXFileReference section */
		7CF916631BAA85EA008E076F /* Dropbox.app */ = {isa = PBXFileReference; explicitFileType = wrapper.application; includeInIndex = 0; path = Dropbox.app; sourceTree = BUILT_PRODUCTS_DIR; };
		7CF916661BAA85EA008E076F /* AppDelegate.swift */ = {isa = PBXFileReference; lastKnownFileType = sourcecode.swift; path = AppDelegate.swift; sourceTree = "<group>"; };
		7CF916681BAA85EA008E076F /* ViewController.swift */ = {isa = PBXFileReference; lastKnownFileType = sourcecode.swift; path = ViewController.swift; sourceTree = "<group>"; };
		7CF9166B1BAA85EA008E076F /* Base */ = {isa = PBXFileReference; lastKnownFileType = file.storyboard; name = Base; path = Base.lproj/Main.storyboard; sourceTree = "<group>"; };
		7CF9166D1BAA85EA008E076F /* Assets.xcassets */ = {isa = PBXFileReference; lastKnownFileType = folder.assetcatalog; path = Assets.xcassets; sourceTree = "<group>"; };
		7CF916701BAA85EA008E076F /* Base */ = {isa = PBXFileReference; lastKnownFileType = file.storyboard; name = Base; path = Base.lproj/LaunchScreen.storyboard; sourceTree = "<group>"; };
		7CF916721BAA85EA008E076F /* Info.plist */ = {isa = PBXFileReference; lastKnownFileType = text.plist.xml; path = Info.plist; sourceTree = "<group>"; };
		7CF916771BAA85EA008E076F /* DropboxTests.xctest */ = {isa = PBXFileReference; explicitFileType = wrapper.cfbundle; includeInIndex = 0; path = DropboxTests.xctest; sourceTree = BUILT_PRODUCTS_DIR; };
		7CF9167B1BAA85EA008E076F /* DropboxTests.swift */ = {isa = PBXFileReference; lastKnownFileType = sourcecode.swift; path = DropboxTests.swift; sourceTree = "<group>"; };
		7CF9167D1BAA85EA008E076F /* Info.plist */ = {isa = PBXFileReference; lastKnownFileType = text.plist.xml; path = Info.plist; sourceTree = "<group>"; };
		7CF916821BAA85EA008E076F /* DropboxUITests.xctest */ = {isa = PBXFileReference; explicitFileType = wrapper.cfbundle; includeInIndex = 0; path = DropboxUITests.xctest; sourceTree = BUILT_PRODUCTS_DIR; };
		7CF916861BAA85EA008E076F /* DropboxUITests.swift */ = {isa = PBXFileReference; lastKnownFileType = sourcecode.swift; path = DropboxUITests.swift; sourceTree = "<group>"; };
		7CF916881BAA85EA008E076F /* Info.plist */ = {isa = PBXFileReference; lastKnownFileType = text.plist.xml; path = Info.plist; sourceTree = "<group>"; };
/* End PBXFileReference section */

/* Begin PBXFrameworksBuildPhase section */
		7CF916601BAA85EA008E076F /* Frameworks */ = {
			isa = PBXFrameworksBuildPhase;
			buildActionMask = 2147483647;
			files = (
			);
			runOnlyForDeploymentPostprocessing = 0;
		};
		7CF916741BAA85EA008E076F /* Frameworks */ = {
			isa = PBXFrameworksBuildPhase;
			buildActionMask = 2147483647;
			files = (
			);
			runOnlyForDeploymentPostprocessing = 0;
		};
		7CF9167F1BAA85EA008E076F /* Frameworks */ = {
			isa = PBXFrameworksBuildPhase;
			buildActionMask = 2147483647;
			files = (
			);
			runOnlyForDeploymentPostprocessing = 0;
		};
/* End PBXFrameworksBuildPhase section */

/* Begin PBXGroup section */
		7CF9165A1BAA85EA008E076F = {
			isa = PBXGroup;
			children = (
				7CF916651BAA85EA008E076F /* Dropbox */,
				7CF9167A1BAA85EA008E076F /* DropboxTests */,
				7CF916851BAA85EA008E076F /* DropboxUITests */,
				7CF916641BAA85EA008E076F /* Products */,
			);
			sourceTree = "<group>";
		};
		7CF916641BAA85EA008E076F /* Products */ = {
			isa = PBXGroup;
			children = (
				7CF916631BAA85EA008E076F /* Dropbox.app */,
				7CF916771BAA85EA008E076F /* DropboxTests.xctest */,
				7CF916821BAA85EA008E076F /* DropboxUITests.xctest */,
			);
			name = Products;
			sourceTree = "<group>";
		};
		7CF916651BAA85EA008E076F /* Dropbox */ = {
			isa = PBXGroup;
			children = (
				7CF916661BAA85EA008E076F /* AppDelegate.swift */,
				7CF916681BAA85EA008E076F /* ViewController.swift */,
				7CF9166A1BAA85EA008E076F /* Main.storyboard */,
				7CF9166D1BAA85EA008E076F /* Assets.xcassets */,
				7CF9166F1BAA85EA008E076F /* LaunchScreen.storyboard */,
				7CF916721BAA85EA008E076F /* Info.plist */,
			);
			path = Dropbox;
			sourceTree = "<group>";
		};
		7CF9167A1BAA85EA008E076F /* DropboxTests */ = {
			isa = PBXGroup;
			children = (
				7CF9167B1BAA85EA008E076F /* DropboxTests.swift */,
				7CF9167D1BAA85EA008E076F /* Info.plist */,
			);
			path = DropboxTests;
			sourceTree = "<group>";
		};
		7CF916851BAA85EA008E076F /* DropboxUITests */ = {
			isa = PBXGroup;
			children = (
				7CF916861BAA85EA008E076F /* DropboxUITests.swift */,
				7CF916881BAA85EA008E076F /* Info.plist */,
			);
			path = DropboxUITests;
			sourceTree = "<group>";
		};
/* End PBXGroup section */

/* Begin PBXNativeTarget section */
		7CF916621BAA85EA008E076F /* Dropbox */ = {
			isa = PBXNativeTarget;
			buildConfigurationList = 7CF9168B1BAA85EA008E076F /* Build configuration list for PBXNativeTarget "Dropbox" */;
			buildPhases = (
				7CF9165F1BAA85EA008E076F /* Sources */,
				7CF916601BAA85EA008E076F /* Frameworks */,
				7CF916611BAA85EA008E076F /* Resources */,
			);
			buildRules = (
			);
			dependencies = (
			);
			name = Dropbox;
			productName = Dropbox;
			productReference = 7CF916631BAA85EA008E076F /* Dropbox.app */;
			productType = "com.apple.product-type.application";
		};
		7CF916761BAA85EA008E076F /* DropboxTests */ = {
			isa = PBXNativeTarget;
			buildConfigurationList = 7CF9168E1BAA85EA008E076F /* Build configuration list for PBXNativeTarget "DropboxTests" */;
			buildPhases = (
				7CF916731BAA85EA008E076F /* Sources */,
				7CF916741BAA85EA008E076F /* Frameworks */,
				7CF916751BAA85EA008E076F /* Resources */,
			);
			buildRules = (
			);
			dependencies = (
				7CF916791BAA85EA008E076F /* PBXTargetDependency */,
			);
			name = DropboxTests;
			productName = DropboxTests;
			productReference = 7CF916771BAA85EA008E076F /* DropboxTests.xctest */;
			productType = "com.apple.product-type.bundle.unit-test";
		};
		7CF916811BAA85EA008E076F /* DropboxUITests */ = {
			isa = PBXNativeTarget;
			buildConfigurationList = 7CF916911BAA85EA008E076F /* Build configuration list for PBXNativeTarget "DropboxUITests" */;
			buildPhases = (
				7CF9167E1BAA85EA008E076F /* Sources */,
				7CF9167F1BAA85EA008E076F /* Frameworks */,
				7CF916801BAA85EA008E076F /* Resources */,
			);
			buildRules = (
			);
			dependencies = (
				7CF916841BAA85EA008E076F /* PBXTargetDependency */,
			);
			name = DropboxUITests;
			productName = DropboxUITests;
			productReference = 7CF916821BAA85EA008E076F /* DropboxUITests.xctest */;
			productType = "com.apple.product-type.bundle.ui-testing";
		};
/* End PBXNativeTarget section */

/* Begin PBXProject section */
		7CF9165B1BAA85EA008E076F /* Project object */ = {
			isa = PBXProject;
			attributes = {
				LastUpgradeCheck = 0700;
				ORGANIZATIONNAME = "Tracey Ewart";
				TargetAttributes = {
					7CF916621BAA85EA008E076F = {
						CreatedOnToolsVersion = 7.0;
					};
					7CF916761BAA85EA008E076F = {
						CreatedOnToolsVersion = 7.0;
						TestTargetID = 7CF916621BAA85EA008E076F;
					};
					7CF916811BAA85EA008E076F = {
						CreatedOnToolsVersion = 7.0;
						TestTargetID = 7CF916621BAA85EA008E076F;
					};
				};
			};
			buildConfigurationList = 7CF9165E1BAA85EA008E076F /* Build configuration list for PBXProject "Dropbox" */;
			compatibilityVersion = "Xcode 3.2";
			developmentRegion = English;
			hasScannedForEncodings = 0;
			knownRegions = (
				en,
				Base,
			);
			mainGroup = 7CF9165A1BAA85EA008E076F;
			productRefGroup = 7CF916641BAA85EA008E076F /* Products */;
			projectDirPath = "";
			projectRoot = "";
			targets = (
				7CF916621BAA85EA008E076F /* Dropbox */,
				7CF916761BAA85EA008E076F /* DropboxTests */,
				7CF916811BAA85EA008E076F /* DropboxUITests */,
			);
		};
/* End PBXProject section */

/* Begin PBXResourcesBuildPhase section */
		7CF916611BAA85EA008E076F /* Resources */ = {
			isa = PBXResourcesBuildPhase;
			buildActionMask = 2147483647;
			files = (
				7CF916711BAA85EA008E076F /* LaunchScreen.storyboard in Resources */,
				7CF9166E1BAA85EA008E076F /* Assets.xcassets in Resources */,
				7CF9166C1BAA85EA008E076F /* Main.storyboard in Resources */,
			);
			runOnlyForDeploymentPostprocessing = 0;
		};
		7CF916751BAA85EA008E076F /* Resources */ = {
			isa = PBXResourcesBuildPhase;
			buildActionMask = 2147483647;
			files = (
			);
			runOnlyForDeploymentPostprocessing = 0;
		};
		7CF916801BAA85EA008E076F /* Resources */ = {
			isa = PBXResourcesBuildPhase;
			buildActionMask = 2147483647;
			files = (
			);
			runOnlyForDeploymentPostprocessing = 0;
		};
/* End PBXResourcesBuildPhase section */

/* Begin PBXSourcesBuildPhase section */
		7CF9165F1BAA85EA008E076F /* Sources */ = {
			isa = PBXSourcesBuildPhase;
			buildActionMask = 2147483647;
			files = (
				7CF916691BAA85EA008E076F /* ViewController.swift in Sources */,
				7CF916671BAA85EA008E076F /* AppDelegate.swift in Sources */,
			);
			runOnlyForDeploymentPostprocessing = 0;
		};
		7CF916731BAA85EA008E076F /* Sources */ = {
			isa = PBXSourcesBuildPhase;
			buildActionMask = 2147483647;
			files = (
				7CF9167C1BAA85EA008E076F /* DropboxTests.swift in Sources */,
			);
			runOnlyForDeploymentPostprocessing = 0;
		};
		7CF9167E1BAA85EA008E076F /* Sources */ = {
			isa = PBXSourcesBuildPhase;
			buildActionMask = 2147483647;
			files = (
				7CF916871BAA85EA008E076F /* DropboxUITests.swift in Sources */,
			);
			runOnlyForDeploymentPostprocessing = 0;
		};
/* End PBXSourcesBuildPhase section */

/* Begin PBXTargetDependency section */
		7CF916791BAA85EA008E076F /* PBXTargetDependency */ = {
			isa = PBXTargetDependency;
			target = 7CF916621BAA85EA008E076F /* Dropbox */;
			targetProxy = 7CF916781BAA85EA008E076F /* PBXContainerItemProxy */;
		};
		7CF916841BAA85EA008E076F /* PBXTargetDependency */ = {
			isa = PBXTargetDependency;
			target = 7CF916621BAA85EA008E076F /* Dropbox */;
			targetProxy = 7CF916831BAA85EA008E076F /* PBXContainerItemProxy */;
		};
/* End PBXTargetDependency section */

/* Begin PBXVariantGroup section */
		7CF9166A1BAA85EA008E076F /* Main.storyboard */ = {
			isa = PBXVariantGroup;
			children = (
				7CF9166B1BAA85EA008E076F /* Base */,
			);
			name = Main.storyboard;
			sourceTree = "<group>";
		};
		7CF9166F1BAA85EA008E076F /* LaunchScreen.storyboard */ = {
			isa = PBXVariantGroup;
			children = (
				7CF916701BAA85EA008E076F /* Base */,
			);
			name = LaunchScreen.storyboard;
			sourceTree = "<group>";
		};
/* End PBXVariantGroup section */

/* Begin XCBuildConfiguration section */
		7CF916891BAA85EA008E076F /* Debug */ = {
			isa = XCBuildConfiguration;
			buildSettings = {
				ALWAYS_SEARCH_USER_PATHS = NO;
				CLANG_CXX_LANGUAGE_STANDARD = "gnu++0x";
				CLANG_CXX_LIBRARY = "libc++";
				CLANG_ENABLE_MODULES = YES;
				CLANG_ENABLE_OBJC_ARC = YES;
				CLANG_WARN_BOOL_CONVERSION = YES;
				CLANG_WARN_CONSTANT_CONVERSION = YES;
				CLANG_WARN_DIRECT_OBJC_ISA_USAGE = YES_ERROR;
				CLANG_WARN_EMPTY_BODY = YES;
				CLANG_WARN_ENUM_CONVERSION = YES;
				CLANG_WARN_INT_CONVERSION = YES;
				CLANG_WARN_OBJC_ROOT_CLASS = YES_ERROR;
				CLANG_WARN_UNREACHABLE_CODE = YES;
				CLANG_WARN__DUPLICATE_METHOD_MATCH = YES;
				"CODE_SIGN_IDENTITY[sdk=iphoneos*]" = "iPhone Developer";
				COPY_PHASE_STRIP = NO;
				DEBUG_INFORMATION_FORMAT = dwarf;
				ENABLE_STRICT_OBJC_MSGSEND = YES;
				ENABLE_TESTABILITY = YES;
				GCC_C_LANGUAGE_STANDARD = gnu99;
				GCC_DYNAMIC_NO_PIC = NO;
				GCC_NO_COMMON_BLOCKS = YES;
				GCC_OPTIMIZATION_LEVEL = 0;
				GCC_PREPROCESSOR_DEFINITIONS = (
					"DEBUG=1",
					"$(inherited)",
				);
				GCC_WARN_64_TO_32_BIT_CONVERSION = YES;
				GCC_WARN_ABOUT_RETURN_TYPE = YES_ERROR;
				GCC_WARN_UNDECLARED_SELECTOR = YES;
				GCC_WARN_UNINITIALIZED_AUTOS = YES_AGGRESSIVE;
				GCC_WARN_UNUSED_FUNCTION = YES;
				GCC_WARN_UNUSED_VARIABLE = YES;
				IPHONEOS_DEPLOYMENT_TARGET = 9.0;
				MTL_ENABLE_DEBUG_INFO = YES;
				ONLY_ACTIVE_ARCH = YES;
				SDKROOT = iphoneos;
				SWIFT_OPTIMIZATION_LEVEL = "-Onone";
			};
			name = Debug;
		};
		7CF9168A1BAA85EA008E076F /* Release */ = {
			isa = XCBuildConfiguration;
			buildSettings = {
				ALWAYS_SEARCH_USER_PATHS = NO;
				CLANG_CXX_LANGUAGE_STANDARD = "gnu++0x";
				CLANG_CXX_LIBRARY = "libc++";
				CLANG_ENABLE_MODULES = YES;
				CLANG_ENABLE_OBJC_ARC = YES;
				CLANG_WARN_BOOL_CONVERSION = YES;
				CLANG_WARN_CONSTANT_CONVERSION = YES;
				CLANG_WARN_DIRECT_OBJC_ISA_USAGE = YES_ERROR;
				CLANG_WARN_EMPTY_BODY = YES;
				CLANG_WARN_ENUM_CONVERSION = YES;
				CLANG_WARN_INT_CONVERSION = YES;
				CLANG_WARN_OBJC_ROOT_CLASS = YES_ERROR;
				CLANG_WARN_UNREACHABLE_CODE = YES;
				CLANG_WARN__DUPLICATE_METHOD_MATCH = YES;
				"CODE_SIGN_IDENTITY[sdk=iphoneos*]" = "iPhone Developer";
				COPY_PHASE_STRIP = NO;
				DEBUG_INFORMATION_FORMAT = "dwarf-with-dsym";
				ENABLE_NS_ASSERTIONS = NO;
				ENABLE_STRICT_OBJC_MSGSEND = YES;
				GCC_C_LANGUAGE_STANDARD = gnu99;
				GCC_NO_COMMON_BLOCKS = YES;
				GCC_WARN_64_TO_32_BIT_CONVERSION = YES;
				GCC_WARN_ABOUT_RETURN_TYPE = YES_ERROR;
				GCC_WARN_UNDECLARED_SELECTOR = YES;
				GCC_WARN_UNINITIALIZED_AUTOS = YES_AGGRESSIVE;
				GCC_WARN_UNUSED_FUNCTION = YES;
				GCC_WARN_UNUSED_VARIABLE = YES;
				IPHONEOS_DEPLOYMENT_TARGET = 9.0;
				MTL_ENABLE_DEBUG_INFO = NO;
				SDKROOT = iphoneos;
				VALIDATE_PRODUCT = YES;
			};
			name = Release;
		};
		7CF9168C1BAA85EA008E076F /* Debug */ = {
			isa = XCBuildConfiguration;
			buildSettings = {
				ASSETCATALOG_COMPILER_APPICON_NAME = AppIcon;
				INFOPLIST_FILE = Dropbox/Info.plist;
				LD_RUNPATH_SEARCH_PATHS = "$(inherited) @executable_path/Frameworks";
				PRODUCT_BUNDLE_IDENTIFIER = com.traceyewart.Dropbox;
				PRODUCT_NAME = "$(TARGET_NAME)";
			};
			name = Debug;
		};
		7CF9168D1BAA85EA008E076F /* Release */ = {
			isa = XCBuildConfiguration;
			buildSettings = {
				ASSETCATALOG_COMPILER_APPICON_NAME = AppIcon;
				INFOPLIST_FILE = Dropbox/Info.plist;
				LD_RUNPATH_SEARCH_PATHS = "$(inherited) @executable_path/Frameworks";
				PRODUCT_BUNDLE_IDENTIFIER = com.traceyewart.Dropbox;
				PRODUCT_NAME = "$(TARGET_NAME)";
			};
			name = Release;
		};
		7CF9168F1BAA85EA008E076F /* Debug */ = {
			isa = XCBuildConfiguration;
			buildSettings = {
				BUNDLE_LOADER = "$(TEST_HOST)";
				INFOPLIST_FILE = DropboxTests/Info.plist;
				LD_RUNPATH_SEARCH_PATHS = "$(inherited) @executable_path/Frameworks @loader_path/Frameworks";
				PRODUCT_BUNDLE_IDENTIFIER = com.traceyewart.DropboxTests;
				PRODUCT_NAME = "$(TARGET_NAME)";
				TEST_HOST = "$(BUILT_PRODUCTS_DIR)/Dropbox.app/Dropbox";
			};
			name = Debug;
		};
		7CF916901BAA85EA008E076F /* Release */ = {
			isa = XCBuildConfiguration;
			buildSettings = {
				BUNDLE_LOADER = "$(TEST_HOST)";
				INFOPLIST_FILE = DropboxTests/Info.plist;
				LD_RUNPATH_SEARCH_PATHS = "$(inherited) @executable_path/Frameworks @loader_path/Frameworks";
				PRODUCT_BUNDLE_IDENTIFIER = com.traceyewart.DropboxTests;
				PRODUCT_NAME = "$(TARGET_NAME)";
				TEST_HOST = "$(BUILT_PRODUCTS_DIR)/Dropbox.app/Dropbox";
			};
			name = Release;
		};
		7CF916921BAA85EA008E076F /* Debug */ = {
			isa = XCBuildConfiguration;
			buildSettings = {
				INFOPLIST_FILE = DropboxUITests/Info.plist;
				LD_RUNPATH_SEARCH_PATHS = "$(inherited) @executable_path/Frameworks @loader_path/Frameworks";
				PRODUCT_BUNDLE_IDENTIFIER = com.traceyewart.DropboxUITests;
				PRODUCT_NAME = "$(TARGET_NAME)";
				TEST_TARGET_NAME = Dropbox;
				USES_XCTRUNNER = YES;
			};
			name = Debug;
		};
		7CF916931BAA85EA008E076F /* Release */ = {
			isa = XCBuildConfiguration;
			buildSettings = {
				INFOPLIST_FILE = DropboxUITests/Info.plist;
				LD_RUNPATH_SEARCH_PATHS = "$(inherited) @executable_path/Frameworks @loader_path/Frameworks";
				PRODUCT_BUNDLE_IDENTIFIER = com.traceyewart.DropboxUITests;
				PRODUCT_NAME = "$(TARGET_NAME)";
				TEST_TARGET_NAME = Dropbox;
				USES_XCTRUNNER = YES;
			};
			name = Release;
		};
/* End XCBuildConfiguration section */

/* Begin XCConfigurationList section */
		7CF9165E1BAA85EA008E076F /* Build configuration list for PBXProject "Dropbox" */ = {
			isa = XCConfigurationList;
			buildConfigurations = (
				7CF916891BAA85EA008E076F /* Debug */,
				7CF9168A1BAA85EA008E076F /* Release */,
			);
			defaultConfigurationIsVisible = 0;
			defaultConfigurationName = Release;
		};
		7CF9168B1BAA85EA008E076F /* Build configuration list for PBXNativeTarget "Dropbox" */ = {
			isa = XCConfigurationList;
			buildConfigurations = (
				7CF9168C1BAA85EA008E076F /* Debug */,
				7CF9168D1BAA85EA008E076F /* Release */,
			);
			defaultConfigurationIsVisible = 0;
		};
		7CF9168E1BAA85EA008E076F /* Build configuration list for PBXNativeTarget "DropboxTests" */ = {
			isa = XCConfigurationList;
			buildConfigurations = (
				7CF9168F1BAA85EA008E076F /* Debug */,
				7CF916901BAA85EA008E076F /* Release */,
			);
			defaultConfigurationIsVisible = 0;
		};
		7CF916911BAA85EA008E076F /* Build configuration list for PBXNativeTarget "DropboxUITests" */ = {
			isa = XCConfigurationList;
			buildConfigurations = (
				7CF916921BAA85EA008E076F /* Debug */,
				7CF916931BAA85EA008E076F /* Release */,
			);
			defaultConfigurationIsVisible = 0;
		};
/* End XCConfigurationList section */
	};
	rootObject = 7CF9165B1BAA85EA008E076F /* Project object */;
}
